
Microsoft Visual Studio Solution File, Format Version 12.00
# Visual Studio Version 16
VisualStudioVersion = 16.0.30225.117
MinimumVisualStudioVersion = 10.0.40219.1
Project("{FAE04EC0-301F-11D3-BF4B-00C04F79EFBC}") = "Number_of_Instances", "Number_of_Instances\Number_of_Instances.csproj", "{82A88B8B-A846-4D23-BA71-B8ED60C3D811}"
EndProject
Global
	GlobalSection(SolutionConfigurationPlatforms) = preSolution
		Debug|Any CPU = Debug|Any CPU
		Release|Any CPU = Release|Any CPU
	EndGlobalSection
	GlobalSection(ProjectConfigurationPlatforms) = postSolution
		{82A88B8B-A846-4D23-BA71-B8ED60C3D811}.Debug|Any CPU.ActiveCfg = Debug|Any CPU
		{82A88B8B-A846-4D23-BA71-B8ED60C3D811}.Debug|Any CPU.Build.0 = Debug|Any CPU
		{82A88B8B-A846-4D23-BA71-B8ED60C3D811}.Release|Any CPU.ActiveCfg = Release|Any CPU
		{82A88B8B-A846-4D23-BA71-B8ED60C3D811}.Release|Any CPU.Build.0 = Release|Any CPU
	EndGlobalSection
	GlobalSection(SolutionProperties) = preSolution
		HideSolutionNode = FALSE
	EndGlobalSection
	GlobalSection(ExtensibilityGlobals) = postSolution
		SolutionGuid = {DB652250-4DD6-43D8-A914-69BE8AFD4B13}
	EndGlobalSection
EndGlobal
